{
  "nodes": {
    "nix-systems": {
      "locked": {
        "lastModified": 1681028828,
        "narHash": "sha256-Vy1rq5AaRuLzOxct8nz4T6wlgyUR7zLU309k9mBC768=",
        "owner": "nix-systems",
        "repo": "default",
        "rev": "da67096a3b9bf56a91d16901293e51ba5b49a27e",
        "type": "github"
      },
      "original": {
        "owner": "nix-systems",
        "repo": "default",
        "type": "github"
      }
    },
    "nixpkgs": {
      "locked": {
        "lastModified": 1731975645,
        "narHash": "sha256-oICuoDypU9lL+f6Cg/QJ4q1CyCCE566Dx8ihnVvto8o=",
        "owner": "nixos",
        "repo": "nixpkgs",
        "rev": "b0d941edb4ceb521b310a08645de08b4c95142f0",
        "type": "github"
      },
      "original": {
        "owner": "nixos",
        "repo": "nixpkgs",
        "type": "github"
      }
    },
    "nixpkgs-unstable": {
      "locked": {
        "lastModified": 1731676054,
        "narHash": "sha256-OZiZ3m8SCMfh3B6bfGC/Bm4x3qc1m2SVEAlkV6iY7Yg=",
        "owner": "nixos",
        "repo": "nixpkgs",
        "rev": "5e4fbfb6b3de1aa2872b76d49fafc942626e2add",
        "type": "github"
      },
      "original": {
        "owner": "nixos",
        "ref": "nixos-unstable",
        "repo": "nixpkgs",
        "type": "github"
      }
    },
    "nixpkgs_2": {
      "locked": {
        "lastModified": 1731975645,
        "narHash": "sha256-oICuoDypU9lL+f6Cg/QJ4q1CyCCE566Dx8ihnVvto8o=",
        "owner": "nixos",
        "repo": "nixpkgs",
        "rev": "b0d941edb4ceb521b310a08645de08b4c95142f0",
        "type": "github"
      },
      "original": {
        "owner": "nixos",
        "repo": "nixpkgs",
        "type": "github"
      }
    },
    "root": {
      "inputs": {
        "nix-systems": "nix-systems",
        "nixpkgs": "nixpkgs",
        "nixpkgs-unstable": "nixpkgs-unstable",
        "treesitter-pinned": "treesitter-pinned"
      }
    },
    "treesitter-pinned": {
      "inputs": {
        "nix-systems": [
          "nix-systems"
        ],
        "nixpkgs": "nixpkgs_2"
      },
      "locked": {
        "lastModified": 1731977542,
        "narHash": "sha256-H6QtCErx8X9lUGScEfQM/f04twfCxN92w9DZHtfMuHQ=",
        "owner": "NewDawn0",
        "repo": "treesitter-pinned-ndnvim",
        "rev": "8c41a1f2465f453c12cca51c55af9c0b062bf906",
        "type": "github"
      },
      "original": {
        "owner": "NewDawn0",
        "repo": "treesitter-pinned-ndnvim",
        "type": "github"
      }
    }
  },
  "root": "root",
  "version": 7
}
